PODS:
  - GLExtensions (1.1.6):
    - GLExtensions/ALL (= 1.1.6)
  - GLExtensions/ALL (1.1.6)

DEPENDENCIES:
  - GLExtensions (from `../`)

EXTERNAL SOURCES:
  GLExtensions:
    :path: "../"

SPEC CHECKSUMS:
  GLExtensions: 09b64b42086f64fa4e1f94ebd5f585df878749f2

PODFILE CHECKSUM: 18f4074587709d86287ecb98c9104e516743661f

COCOAPODS: 1.15.2
